
Microsoft Visual Studio Solution File, Format Version 12.00
# Visual Studio 14
VisualStudioVersion = 14.0.24720.0
MinimumVisualStudioVersion = 10.0.40219.1
Project("{FAE04EC0-301F-11D3-BF4B-00C04F79EFBC}") = "CSharp Bob", "CSharp Bob\CSharp Bob.csproj", "{5D50219E-DB0F-4094-9F3B-2F0DA0394321}"
EndProject
Project("{FAE04EC0-301F-11D3-BF4B-00C04F79EFBC}") = "Test", "Test\Test.csproj", "{D328DEA6-F680-41EE-A517-38EC9B12A820}"
EndProject
Global
	GlobalSection(SolutionConfigurationPlatforms) = preSolution
		Debug|Any CPU = Debug|Any CPU
		Release|Any CPU = Release|Any CPU
	EndGlobalSection
	GlobalSection(ProjectConfigurationPlatforms) = postSolution
		{5D50219E-DB0F-4094-9F3B-2F0DA0394321}.Debug|Any CPU.ActiveCfg = Debug|Any CPU
		{5D50219E-DB0F-4094-9F3B-2F0DA0394321}.Debug|Any CPU.Build.0 = Debug|Any CPU
		{5D50219E-DB0F-4094-9F3B-2F0DA0394321}.Release|Any CPU.ActiveCfg = Release|Any CPU
		{5D50219E-DB0F-4094-9F3B-2F0DA0394321}.Release|Any CPU.Build.0 = Release|Any CPU
		{D328DEA6-F680-41EE-A517-38EC9B12A820}.Debug|Any CPU.ActiveCfg = Debug|Any CPU
		{D328DEA6-F680-41EE-A517-38EC9B12A820}.Debug|Any CPU.Build.0 = Debug|Any CPU
		{D328DEA6-F680-41EE-A517-38EC9B12A820}.Release|Any CPU.ActiveCfg = Release|Any CPU
		{D328DEA6-F680-41EE-A517-38EC9B12A820}.Release|Any CPU.Build.0 = Release|Any CPU
	EndGlobalSection
	GlobalSection(SolutionProperties) = preSolution
		HideSolutionNode = FALSE
	EndGlobalSection
EndGlobal
